lockfileVersion: '6.0'

# This is a simplified version of the pnpm-lock.yaml file
# In a real application, this file would be automatically generated by pnpm
# and would contain a lot more information about exact versions and dependencies.
# This simplified version is provided as a placeholder.

settings:
  autoInstallPeers: true
  excludeLinksFromLockfile: false

dependencies:
  '@radix-ui/react-accordion':
    specifier: ^1.1.2
    version: 1.1.2
  '@radix-ui/react-dialog':
    specifier: ^1.0.5
    version: 1.0.5
  '@radix-ui/react-dropdown-menu':
    specifier: ^2.0.6
    version: 2.0.6
  '@radix-ui/react-navigation-menu':
    specifier: ^1.1.4
    version: 1.1.4
  '@radix-ui/react-select':
    specifier: ^2.0.0
    version: 2.0.0
  '@radix-ui/react-slider':
    specifier: ^1.1.2
    version: 1.1.2
  '@radix-ui/react-tabs':
    specifier: ^1.0.4
    version: 1.0.4
  '@radix-ui/react-toast':
    specifier: ^1.1.5
    version: 1.1.5
  '@supabase/auth-helpers-nextjs':
    specifier: ^0.8.1
    version: 0.8.1
  '@supabase/supabase-js':
    specifier: ^2.39.0
    version: 2.39.0
  '@vercel/analytics':
    specifier: ^1.1.1
    version: 1.1.1
  brevo-node:
    specifier: ^1.0.1
    version: 1.0.1
  class-variance-authority:
    specifier: ^0.7.0
    version: 0.7.0
  clsx:
    specifier: ^2.0.0
    version: 2.0.0
  date-fns:
    specifier: ^2.30.0
    version: 2.30.0
  framer-motion:
    specifier: ^10.16.12
    version: 10.16.12
  lucide-react:
    specifier: ^0.292.0
    version: 0.292.0
  next:
    specifier: 14.0.3
    version: 14.0.3
  react:
    specifier: ^18
    version: 18.2.0
  react-dom:
    specifier: ^18
    version: 18.2.0
  react-hook-form:
    specifier: ^7.48.2
    version: 7.48.2
  react-intersection-observer:
    specifier: ^9.5.3
    version: 9.5.3
  tailwind-merge:
    specifier: ^2.1.0
    version: 2.1.0
  tailwindcss-animate:
    specifier: ^1.0.7
    version: 1.0.7
  wavesurfer.js:
    specifier: ^7.4.2
    version: 7.4.2
  zod:
    specifier: ^3.22.4
    version: 3.22.4

devDependencies:
  '@svgr/webpack':
    specifier: ^8.1.0
    version: 8.1.0
  '@testing-library/jest-dom':
    specifier: ^6.1.4
    version: 6.1.4
  '@testing-library/react':
    specifier: ^14.1.2
    version: 14.1.2
  '@testing-library/user-event':
    specifier: ^14.5.1
    version: 14.5.1
  '@types/jest':
    specifier: ^29.5.10
    version: 29.5.10
  '@types/node':
    specifier: ^20
    version: 20.9.4
  '@types/react':
    specifier: ^18
    version: 18.2.38
  '@types/react-dom':
    specifier: ^18
    version: 18.2.17
  '@typescript-eslint/eslint-plugin':
    specifier: ^6.13.1
    version: 6.13.1
  '@typescript-eslint/parser':
    specifier: ^6.13.1
    version: 6.13.1
  autoprefixer:
    specifier: ^10.4.16
    version: 10.4.16
  eslint:
    specifier: ^8
    version: 8.54.0
  eslint-config-next:
    specifier: 14.0.3
    version: 14.0.3
  eslint-config-prettier:
    specifier: ^9.0.0
    version: 9.0.0
  eslint-import-resolver-typescript:
    specifier: ^3.6.1
    version: 3.6.1
  eslint-plugin-import:
    specifier: ^2.29.0
    version: 2.29.0
  eslint-plugin-jsx-a11y:
    specifier: ^6.8.0
    version: 6.8.0
  eslint-plugin-prettier:
    specifier: ^5.0.1
    version: 5.0.1
  eslint-plugin-react:
    specifier: ^7.33.2
    version: 7.33.2
  eslint-plugin-react-hooks:
    specifier: ^4.6.0
    version: 4.6.0
  husky:
    specifier: ^8.0.3
    version: 8.0.3
  jest:
    specifier: ^29.7.0
    version: 29.7.0
  jest-environment-jsdom:
    specifier: ^29.7.0
    version: 29.7.0
  lint-staged:
    specifier: ^15.1.0
    version: 15.1.0
  postcss:
    specifier: ^8
    version: 8.4.31
  prettier:
    specifier: ^3.1.0
    version: 3.1.0
  prettier-plugin-tailwindcss:
    specifier: ^0.5.7
    version: 0.5.7
  tailwindcss:
    specifier: ^3.3.5
    version: 3.3.5
  typescript:
    specifier: ^5
    version: 5.3.2